
Microsoft Visual Studio Solution File, Format Version 12.00
# Visual Studio 15
VisualStudioVersion = 15.0.27004.2010
MinimumVisualStudioVersion = 10.0.40219.1
Project("{FAE04EC0-301F-11D3-BF4B-00C04F79EFBC}") = "Day1", "AdventOfCode\Day1.csproj", "{9C36C28F-51FC-488C-AE39-2FA52EE8D3C3}"
EndProject
Global
	GlobalSection(SolutionConfigurationPlatforms) = preSolution
		Debug|Any CPU = Debug|Any CPU
		Release|Any CPU = Release|Any CPU
	EndGlobalSection
	GlobalSection(ProjectConfigurationPlatforms) = postSolution
		{9C36C28F-51FC-488C-AE39-2FA52EE8D3C3}.Debug|Any CPU.ActiveCfg = Debug|Any CPU
		{9C36C28F-51FC-488C-AE39-2FA52EE8D3C3}.Debug|Any CPU.Build.0 = Debug|Any CPU
		{9C36C28F-51FC-488C-AE39-2FA52EE8D3C3}.Release|Any CPU.ActiveCfg = Release|Any CPU
		{9C36C28F-51FC-488C-AE39-2FA52EE8D3C3}.Release|Any CPU.Build.0 = Release|Any CPU
	EndGlobalSection
	GlobalSection(SolutionProperties) = preSolution
		HideSolutionNode = FALSE
	EndGlobalSection
	GlobalSection(ExtensibilityGlobals) = postSolution
		SolutionGuid = {F3814F76-4227-4AD9-8258-D799E36AB071}
	EndGlobalSection
EndGlobal
